
Microsoft Visual Studio Solution File, Format Version 12.00
# Visual Studio Version 17
VisualStudioVersion = 17.3.32811.315
MinimumVisualStudioVersion = 10.0.40219.1
Project("{2150E333-8FDC-42A3-9474-1A3956D46DE8}") = "domain", "domain", "{7950FF0C-F4B2-4871-9922-040670B70619}"
EndProject
Project("{9A19103F-16F7-4668-BE54-9A1E7A4F7556}") = "Store", "domain\Store\Store.csproj", "{C72F0FAC-02ED-475B-A435-5583DD09A23F}"
EndProject
Project("{2150E333-8FDC-42A3-9474-1A3956D46DE8}") = "infrastructure", "infrastructure", "{A0B183A8-5F63-469D-BB77-304DF2B586AF}"
EndProject
Project("{FAE04EC0-301F-11D3-BF4B-00C04F79EFBC}") = "Store.Memory", "infrastructure\StoreMemory\Store.Memory.csproj", "{BA168470-D05A-46BA-AEA2-E92DDD18620E}"
EndProject
Global
	GlobalSection(SolutionConfigurationPlatforms) = preSolution
		Debug|Any CPU = Debug|Any CPU
		Release|Any CPU = Release|Any CPU
	EndGlobalSection
	GlobalSection(ProjectConfigurationPlatforms) = postSolution
		{C72F0FAC-02ED-475B-A435-5583DD09A23F}.Debug|Any CPU.ActiveCfg = Debug|Any CPU
		{C72F0FAC-02ED-475B-A435-5583DD09A23F}.Debug|Any CPU.Build.0 = Debug|Any CPU
		{C72F0FAC-02ED-475B-A435-5583DD09A23F}.Release|Any CPU.ActiveCfg = Release|Any CPU
		{C72F0FAC-02ED-475B-A435-5583DD09A23F}.Release|Any CPU.Build.0 = Release|Any CPU
		{BA168470-D05A-46BA-AEA2-E92DDD18620E}.Debug|Any CPU.ActiveCfg = Debug|Any CPU
		{BA168470-D05A-46BA-AEA2-E92DDD18620E}.Debug|Any CPU.Build.0 = Debug|Any CPU
		{BA168470-D05A-46BA-AEA2-E92DDD18620E}.Release|Any CPU.ActiveCfg = Release|Any CPU
		{BA168470-D05A-46BA-AEA2-E92DDD18620E}.Release|Any CPU.Build.0 = Release|Any CPU
	EndGlobalSection
	GlobalSection(SolutionProperties) = preSolution
		HideSolutionNode = FALSE
	EndGlobalSection
	GlobalSection(NestedProjects) = preSolution
		{C72F0FAC-02ED-475B-A435-5583DD09A23F} = {7950FF0C-F4B2-4871-9922-040670B70619}
		{BA168470-D05A-46BA-AEA2-E92DDD18620E} = {A0B183A8-5F63-469D-BB77-304DF2B586AF}
	EndGlobalSection
	GlobalSection(ExtensibilityGlobals) = postSolution
		SolutionGuid = {3D2D209B-D629-42A9-8774-8EEC5A813E94}
	EndGlobalSection
EndGlobal
